
Microsoft Visual Studio Solution File, Format Version 12.00
# Visual Studio Version 16
VisualStudioVersion = 16.0.30413.136
MinimumVisualStudioVersion = 10.0.40219.1
Project("{9A19103F-16F7-4668-BE54-9A1E7A4F7556}") = "MyApp", "MyApp.csproj", "{2768E793-D4F7-4611-B712-0778FEDE9C39}"
EndProject
Project("{FAE04EC0-301F-11D3-BF4B-00C04F79EFBC}") = "CommonLibrary", "..\CommonLibrary\CommonLibrary.csproj", "{52377367-2354-4C9B-AA41-F0A15C76503C}"
EndProject
Global
	GlobalSection(SolutionConfigurationPlatforms) = preSolution
		Debug|Any CPU = Debug|Any CPU
		Release|Any CPU = Release|Any CPU
	EndGlobalSection
	GlobalSection(ProjectConfigurationPlatforms) = postSolution
		{2768E793-D4F7-4611-B712-0778FEDE9C39}.Debug|Any CPU.ActiveCfg = Debug|Any CPU
		{2768E793-D4F7-4611-B712-0778FEDE9C39}.Debug|Any CPU.Build.0 = Debug|Any CPU
		{2768E793-D4F7-4611-B712-0778FEDE9C39}.Release|Any CPU.ActiveCfg = Release|Any CPU
		{2768E793-D4F7-4611-B712-0778FEDE9C39}.Release|Any CPU.Build.0 = Release|Any CPU
		{52377367-2354-4C9B-AA41-F0A15C76503C}.Debug|Any CPU.ActiveCfg = Debug|Any CPU
		{52377367-2354-4C9B-AA41-F0A15C76503C}.Debug|Any CPU.Build.0 = Debug|Any CPU
		{52377367-2354-4C9B-AA41-F0A15C76503C}.Release|Any CPU.ActiveCfg = Release|Any CPU
		{52377367-2354-4C9B-AA41-F0A15C76503C}.Release|Any CPU.Build.0 = Release|Any CPU
	EndGlobalSection
	GlobalSection(SolutionProperties) = preSolution
		HideSolutionNode = FALSE
	EndGlobalSection
	GlobalSection(ExtensibilityGlobals) = postSolution
		SolutionGuid = {B7104C65-63FA-49AC-8892-12B43C4CFE85}
	EndGlobalSection
EndGlobal
